// !$*UTF8*$!
{
	archiveVersion = 1;
	classes = {
	};
	objectVersion = 46;
	objects = {

/* Begin PBXBuildFile section */
		1004854E1CC88C950075AD64 /* RaceTableViewCell.swift in Sources */ = {isa = PBXBuildFile; fileRef = 1004854D1CC88C950075AD64 /* RaceTableViewCell.swift */; };
		100485501CC88D2D0075AD64 /* RaceTableViewController.swift in Sources */ = {isa = PBXBuildFile; fileRef = 1004854F1CC88D2D0075AD64 /* RaceTableViewController.swift */; };
		100485521CC88D6E0075AD64 /* Race.swift in Sources */ = {isa = PBXBuildFile; fileRef = 100485511CC88D6D0075AD64 /* Race.swift */; };
		10224C5C1CDAF73A00587B9F /* Parse.framework in Frameworks */ = {isa = PBXBuildFile; fileRef = 10224C5B1CDAF73A00587B9F /* Parse.framework */; };
		10224C5E1CDAF74000587B9F /* Bolts.framework in Frameworks */ = {isa = PBXBuildFile; fileRef = 10224C5D1CDAF74000587B9F /* Bolts.framework */; };
		10224C691CDAF78B00587B9F /* AudioToolbox.framework in Frameworks */ = {isa = PBXBuildFile; fileRef = 10224C5F1CDAF78B00587B9F /* AudioToolbox.framework */; };
		10224C6A1CDAF78B00587B9F /* CFNetwork.framework in Frameworks */ = {isa = PBXBuildFile; fileRef = 10224C601CDAF78B00587B9F /* CFNetwork.framework */; };
		10224C6B1CDAF78B00587B9F /* CoreGraphics.framework in Frameworks */ = {isa = PBXBuildFile; fileRef = 10224C611CDAF78B00587B9F /* CoreGraphics.framework */; };
		10224C6C1CDAF78B00587B9F /* CoreLocation.framework in Frameworks */ = {isa = PBXBuildFile; fileRef = 10224C621CDAF78B00587B9F /* CoreLocation.framework */; };
		10224C6D1CDAF78B00587B9F /* libsqlite3.tbd in Frameworks */ = {isa = PBXBuildFile; fileRef = 10224C631CDAF78B00587B9F /* libsqlite3.tbd */; };
		10224C6E1CDAF78B00587B9F /* libz.tbd in Frameworks */ = {isa = PBXBuildFile; fileRef = 10224C641CDAF78B00587B9F /* libz.tbd */; };
		10224C6F1CDAF78B00587B9F /* QuartzCore.framework in Frameworks */ = {isa = PBXBuildFile; fileRef = 10224C651CDAF78B00587B9F /* QuartzCore.framework */; };
		10224C701CDAF78B00587B9F /* Security.framework in Frameworks */ = {isa = PBXBuildFile; fileRef = 10224C661CDAF78B00587B9F /* Security.framework */; };
		10224C711CDAF78B00587B9F /* StoreKit.framework in Frameworks */ = {isa = PBXBuildFile; fileRef = 10224C671CDAF78B00587B9F /* StoreKit.framework */; };
		10224C721CDAF78B00587B9F /* SystemConfiguration.framework in Frameworks */ = {isa = PBXBuildFile; fileRef = 10224C681CDAF78B00587B9F /* SystemConfiguration.framework */; };
		105A5C9A1CE421E200A73940 /* AlignmentTableViewController.swift in Sources */ = {isa = PBXBuildFile; fileRef = 105A5C991CE421E200A73940 /* AlignmentTableViewController.swift */; };
		105A5C9C1CE421F400A73940 /* BackgroundTableViewController.swift in Sources */ = {isa = PBXBuildFile; fileRef = 105A5C9B1CE421F400A73940 /* BackgroundTableViewController.swift */; };
		105A5C9E1CE4221300A73940 /* AlignmentTableViewCell.swift in Sources */ = {isa = PBXBuildFile; fileRef = 105A5C9D1CE4221300A73940 /* AlignmentTableViewCell.swift */; };
		105A5CA01CE4221E00A73940 /* BackgroundTableViewCell.swift in Sources */ = {isa = PBXBuildFile; fileRef = 105A5C9F1CE4221E00A73940 /* BackgroundTableViewCell.swift */; };
		105A5CA21CE422A800A73940 /* Alignment.swift in Sources */ = {isa = PBXBuildFile; fileRef = 105A5CA11CE422A800A73940 /* Alignment.swift */; };
		105A5CA41CE42BB200A73940 /* Background.swift in Sources */ = {isa = PBXBuildFile; fileRef = 105A5CA31CE42BB200A73940 /* Background.swift */; };
		10655BE91CCECC0A00665E08 /* Player.swift in Sources */ = {isa = PBXBuildFile; fileRef = 10655BE81CCECC0A00665E08 /* Player.swift */; };
		90EB1CDA1CBF481100B3ED8F /* AppDelegate.swift in Sources */ = {isa = PBXBuildFile; fileRef = 90EB1CD91CBF481100B3ED8F /* AppDelegate.swift */; };
		90EB1CDC1CBF481100B3ED8F /* ViewController.swift in Sources */ = {isa = PBXBuildFile; fileRef = 90EB1CDB1CBF481100B3ED8F /* ViewController.swift */; };
		90EB1CDF1CBF481100B3ED8F /* Main.storyboard in Resources */ = {isa = PBXBuildFile; fileRef = 90EB1CDD1CBF481100B3ED8F /* Main.storyboard */; };
		90EB1CE11CBF481100B3ED8F /* Assets.xcassets in Resources */ = {isa = PBXBuildFile; fileRef = 90EB1CE01CBF481100B3ED8F /* Assets.xcassets */; };
		90EB1CE41CBF481100B3ED8F /* LaunchScreen.storyboard in Resources */ = {isa = PBXBuildFile; fileRef = 90EB1CE21CBF481100B3ED8F /* LaunchScreen.storyboard */; };
		90EB1CEF1CBF481100B3ED8F /* IntelligenceCheckTests.swift in Sources */ = {isa = PBXBuildFile; fileRef = 90EB1CEE1CBF481100B3ED8F /* IntelligenceCheckTests.swift */; };
		90EB1CFA1CBF481100B3ED8F /* IntelligenceCheckUITests.swift in Sources */ = {isa = PBXBuildFile; fileRef = 90EB1CF91CBF481100B3ED8F /* IntelligenceCheckUITests.swift */; };
		90EB1D0C1CBF4F5F00B3ED8F /* CharacterClassTableViewCell.swift in Sources */ = {isa = PBXBuildFile; fileRef = 90EB1D0B1CBF4F5F00B3ED8F /* CharacterClassTableViewCell.swift */; };
		90EB1D0E1CBF509000B3ED8F /* CharacterClassTableViewController.swift in Sources */ = {isa = PBXBuildFile; fileRef = 90EB1D0D1CBF509000B3ED8F /* CharacterClassTableViewController.swift */; };
		90EB1D101CBF534900B3ED8F /* Class.swift in Sources */ = {isa = PBXBuildFile; fileRef = 90EB1D0F1CBF534900B3ED8F /* Class.swift */; };
/* End PBXBuildFile section */

/* Begin PBXContainerItemProxy section */
		90EB1CEB1CBF481100B3ED8F /* PBXContainerItemProxy */ = {
			isa = PBXContainerItemProxy;
			containerPortal = 90EB1CCE1CBF481000B3ED8F /* Project object */;
			proxyType = 1;
			remoteGlobalIDString = 90EB1CD51CBF481000B3ED8F;
			remoteInfo = IntelligenceCheck;
		};
		90EB1CF61CBF481100B3ED8F /* PBXContainerItemProxy */ = {
			isa = PBXContainerItemProxy;
			containerPortal = 90EB1CCE1CBF481000B3ED8F /* Project object */;
			proxyType = 1;
			remoteGlobalIDString = 90EB1CD51CBF481000B3ED8F;
			remoteInfo = IntelligenceCheck;
		};
/* End PBXContainerItemProxy section */

/* Begin PBXFileReference section */
		1004854D1CC88C950075AD64 /* RaceTableViewCell.swift */ = {isa = PBXFileReference; fileEncoding = 4; lastKnownFileType = sourcecode.swift; name = RaceTableViewCell.swift; path = ../RaceTableViewCell.swift; sourceTree = "<group>"; };
		1004854F1CC88D2D0075AD64 /* RaceTableViewController.swift */ = {isa = PBXFileReference; fileEncoding = 4; lastKnownFileType = sourcecode.swift; path = RaceTableViewController.swift; sourceTree = "<group>"; };
		100485511CC88D6D0075AD64 /* Race.swift */ = {isa = PBXFileReference; fileEncoding = 4; lastKnownFileType = sourcecode.swift; path = Race.swift; sourceTree = "<group>"; };
		10224C5B1CDAF73A00587B9F /* Parse.framework */ = {isa = PBXFileReference; lastKnownFileType = wrapper.framework; path = Parse.framework; sourceTree = "<group>"; };
		10224C5D1CDAF74000587B9F /* Bolts.framework */ = {isa = PBXFileReference; lastKnownFileType = wrapper.framework; path = Bolts.framework; sourceTree = "<group>"; };
		10224C5F1CDAF78B00587B9F /* AudioToolbox.framework */ = {isa = PBXFileReference; lastKnownFileType = wrapper.framework; name = AudioToolbox.framework; path = System/Library/Frameworks/AudioToolbox.framework; sourceTree = SDKROOT; };
		10224C601CDAF78B00587B9F /* CFNetwork.framework */ = {isa = PBXFileReference; lastKnownFileType = wrapper.framework; name = CFNetwork.framework; path = System/Library/Frameworks/CFNetwork.framework; sourceTree = SDKROOT; };
		10224C611CDAF78B00587B9F /* CoreGraphics.framework */ = {isa = PBXFileReference; lastKnownFileType = wrapper.framework; name = CoreGraphics.framework; path = System/Library/Frameworks/CoreGraphics.framework; sourceTree = SDKROOT; };
		10224C621CDAF78B00587B9F /* CoreLocation.framework */ = {isa = PBXFileReference; lastKnownFileType = wrapper.framework; name = CoreLocation.framework; path = System/Library/Frameworks/CoreLocation.framework; sourceTree = SDKROOT; };
		10224C631CDAF78B00587B9F /* libsqlite3.tbd */ = {isa = PBXFileReference; lastKnownFileType = "sourcecode.text-based-dylib-definition"; name = libsqlite3.tbd; path = usr/lib/libsqlite3.tbd; sourceTree = SDKROOT; };
		10224C641CDAF78B00587B9F /* libz.tbd */ = {isa = PBXFileReference; lastKnownFileType = "sourcecode.text-based-dylib-definition"; name = libz.tbd; path = usr/lib/libz.tbd; sourceTree = SDKROOT; };
		10224C651CDAF78B00587B9F /* QuartzCore.framework */ = {isa = PBXFileReference; lastKnownFileType = wrapper.framework; name = QuartzCore.framework; path = System/Library/Frameworks/QuartzCore.framework; sourceTree = SDKROOT; };
		10224C661CDAF78B00587B9F /* Security.framework */ = {isa = PBXFileReference; lastKnownFileType = wrapper.framework; name = Security.framework; path = System/Library/Frameworks/Security.framework; sourceTree = SDKROOT; };
		10224C671CDAF78B00587B9F /* StoreKit.framework */ = {isa = PBXFileReference; lastKnownFileType = wrapper.framework; name = StoreKit.framework; path = System/Library/Frameworks/StoreKit.framework; sourceTree = SDKROOT; };
		10224C681CDAF78B00587B9F /* SystemConfiguration.framework */ = {isa = PBXFileReference; lastKnownFileType = wrapper.framework; name = SystemConfiguration.framework; path = System/Library/Frameworks/SystemConfiguration.framework; sourceTree = SDKROOT; };
		105A5C991CE421E200A73940 /* AlignmentTableViewController.swift */ = {isa = PBXFileReference; fileEncoding = 4; lastKnownFileType = sourcecode.swift; path = AlignmentTableViewController.swift; sourceTree = "<group>"; };
		105A5C9B1CE421F400A73940 /* BackgroundTableViewController.swift */ = {isa = PBXFileReference; fileEncoding = 4; lastKnownFileType = sourcecode.swift; path = BackgroundTableViewController.swift; sourceTree = "<group>"; };
		105A5C9D1CE4221300A73940 /* AlignmentTableViewCell.swift */ = {isa = PBXFileReference; fileEncoding = 4; lastKnownFileType = sourcecode.swift; path = AlignmentTableViewCell.swift; sourceTree = "<group>"; };
		105A5C9F1CE4221E00A73940 /* BackgroundTableViewCell.swift */ = {isa = PBXFileReference; fileEncoding = 4; lastKnownFileType = sourcecode.swift; path = BackgroundTableViewCell.swift; sourceTree = "<group>"; };
		105A5CA11CE422A800A73940 /* Alignment.swift */ = {isa = PBXFileReference; fileEncoding = 4; lastKnownFileType = sourcecode.swift; path = Alignment.swift; sourceTree = "<group>"; };
		105A5CA31CE42BB200A73940 /* Background.swift */ = {isa = PBXFileReference; fileEncoding = 4; lastKnownFileType = sourcecode.swift; path = Background.swift; sourceTree = "<group>"; };
		10655BE81CCECC0A00665E08 /* Player.swift */ = {isa = PBXFileReference; fileEncoding = 4; lastKnownFileType = sourcecode.swift; path = Player.swift; sourceTree = "<group>"; };
		90EB1CD61CBF481000B3ED8F /* IntelligenceCheck.app */ = {isa = PBXFileReference; explicitFileType = wrapper.application; includeInIndex = 0; path = IntelligenceCheck.app; sourceTree = BUILT_PRODUCTS_DIR; };
		90EB1CD91CBF481100B3ED8F /* AppDelegate.swift */ = {isa = PBXFileReference; lastKnownFileType = sourcecode.swift; path = AppDelegate.swift; sourceTree = "<group>"; };
		90EB1CDB1CBF481100B3ED8F /* ViewController.swift */ = {isa = PBXFileReference; lastKnownFileType = sourcecode.swift; path = ViewController.swift; sourceTree = "<group>"; };
		90EB1CDE1CBF481100B3ED8F /* Base */ = {isa = PBXFileReference; lastKnownFileType = file.storyboard; name = Base; path = Base.lproj/Main.storyboard; sourceTree = "<group>"; };
		90EB1CE01CBF481100B3ED8F /* Assets.xcassets */ = {isa = PBXFileReference; lastKnownFileType = folder.assetcatalog; path = Assets.xcassets; sourceTree = "<group>"; };
		90EB1CE31CBF481100B3ED8F /* Base */ = {isa = PBXFileReference; lastKnownFileType = file.storyboard; name = Base; path = Base.lproj/LaunchScreen.storyboard; sourceTree = "<group>"; };
		90EB1CE51CBF481100B3ED8F /* Info.plist */ = {isa = PBXFileReference; lastKnownFileType = text.plist.xml; path = Info.plist; sourceTree = "<group>"; };
		90EB1CEA1CBF481100B3ED8F /* IntelligenceCheckTests.xctest */ = {isa = PBXFileReference; explicitFileType = wrapper.cfbundle; includeInIndex = 0; path = IntelligenceCheckTests.xctest; sourceTree = BUILT_PRODUCTS_DIR; };
		90EB1CEE1CBF481100B3ED8F /* IntelligenceCheckTests.swift */ = {isa = PBXFileReference; lastKnownFileType = sourcecode.swift; path = IntelligenceCheckTests.swift; sourceTree = "<group>"; };
		90EB1CF01CBF481100B3ED8F /* Info.plist */ = {isa = PBXFileReference; lastKnownFileType = text.plist.xml; path = Info.plist; sourceTree = "<group>"; };
		90EB1CF51CBF481100B3ED8F /* IntelligenceCheckUITests.xctest */ = {isa = PBXFileReference; explicitFileType = wrapper.cfbundle; includeInIndex = 0; path = IntelligenceCheckUITests.xctest; sourceTree = BUILT_PRODUCTS_DIR; };
		90EB1CF91CBF481100B3ED8F /* IntelligenceCheckUITests.swift */ = {isa = PBXFileReference; lastKnownFileType = sourcecode.swift; path = IntelligenceCheckUITests.swift; sourceTree = "<group>"; };
		90EB1CFB1CBF481100B3ED8F /* Info.plist */ = {isa = PBXFileReference; lastKnownFileType = text.plist.xml; path = Info.plist; sourceTree = "<group>"; };
		90EB1D0B1CBF4F5F00B3ED8F /* CharacterClassTableViewCell.swift */ = {isa = PBXFileReference; fileEncoding = 4; lastKnownFileType = sourcecode.swift; path = CharacterClassTableViewCell.swift; sourceTree = "<group>"; };
		90EB1D0D1CBF509000B3ED8F /* CharacterClassTableViewController.swift */ = {isa = PBXFileReference; fileEncoding = 4; lastKnownFileType = sourcecode.swift; path = CharacterClassTableViewController.swift; sourceTree = "<group>"; };
		90EB1D0F1CBF534900B3ED8F /* Class.swift */ = {isa = PBXFileReference; fileEncoding = 4; lastKnownFileType = sourcecode.swift; path = Class.swift; sourceTree = "<group>"; };
/* End PBXFileReference section */

/* Begin PBXFrameworksBuildPhase section */
		90EB1CD31CBF481000B3ED8F /* Frameworks */ = {
			isa = PBXFrameworksBuildPhase;
			buildActionMask = 2147483647;
			files = (
				10224C691CDAF78B00587B9F /* AudioToolbox.framework in Frameworks */,
				10224C6A1CDAF78B00587B9F /* CFNetwork.framework in Frameworks */,
				10224C6B1CDAF78B00587B9F /* CoreGraphics.framework in Frameworks */,
				10224C6C1CDAF78B00587B9F /* CoreLocation.framework in Frameworks */,
				10224C6D1CDAF78B00587B9F /* libsqlite3.tbd in Frameworks */,
				10224C6E1CDAF78B00587B9F /* libz.tbd in Frameworks */,
				10224C6F1CDAF78B00587B9F /* QuartzCore.framework in Frameworks */,
				10224C701CDAF78B00587B9F /* Security.framework in Frameworks */,
				10224C711CDAF78B00587B9F /* StoreKit.framework in Frameworks */,
				10224C721CDAF78B00587B9F /* SystemConfiguration.framework in Frameworks */,
				10224C5C1CDAF73A00587B9F /* Parse.framework in Frameworks */,
				10224C5E1CDAF74000587B9F /* Bolts.framework in Frameworks */,
			);
			runOnlyForDeploymentPostprocessing = 0;
		};
		90EB1CE71CBF481100B3ED8F /* Frameworks */ = {
			isa = PBXFrameworksBuildPhase;
			buildActionMask = 2147483647;
			files = (
			);
			runOnlyForDeploymentPostprocessing = 0;
		};
		90EB1CF21CBF481100B3ED8F /* Frameworks */ = {
			isa = PBXFrameworksBuildPhase;
			buildActionMask = 2147483647;
			files = (
			);
			runOnlyForDeploymentPostprocessing = 0;
		};
/* End PBXFrameworksBuildPhase section */

/* Begin PBXGroup section */
		10224C5A1CDAF72000587B9F /* Resources */ = {
			isa = PBXGroup;
			children = (
				10224C5D1CDAF74000587B9F /* Bolts.framework */,
				10224C5B1CDAF73A00587B9F /* Parse.framework */,
			);
			name = Resources;
			sourceTree = "<group>";
		};
		90EB1CCD1CBF481000B3ED8F = {
			isa = PBXGroup;
			children = (
				10224C5F1CDAF78B00587B9F /* AudioToolbox.framework */,
				10224C601CDAF78B00587B9F /* CFNetwork.framework */,
				10224C611CDAF78B00587B9F /* CoreGraphics.framework */,
				10224C621CDAF78B00587B9F /* CoreLocation.framework */,
				10224C631CDAF78B00587B9F /* libsqlite3.tbd */,
				10224C641CDAF78B00587B9F /* libz.tbd */,
				10224C651CDAF78B00587B9F /* QuartzCore.framework */,
				10224C661CDAF78B00587B9F /* Security.framework */,
				10224C671CDAF78B00587B9F /* StoreKit.framework */,
				10224C681CDAF78B00587B9F /* SystemConfiguration.framework */,
				90EB1CD81CBF481000B3ED8F /* IntelligenceCheck */,
				90EB1CED1CBF481100B3ED8F /* IntelligenceCheckTests */,
				90EB1CF81CBF481100B3ED8F /* IntelligenceCheckUITests */,
				90EB1CD71CBF481000B3ED8F /* Products */,
			);
			sourceTree = "<group>";
		};
		90EB1CD71CBF481000B3ED8F /* Products */ = {
			isa = PBXGroup;
			children = (
				90EB1CD61CBF481000B3ED8F /* IntelligenceCheck.app */,
				90EB1CEA1CBF481100B3ED8F /* IntelligenceCheckTests.xctest */,
				90EB1CF51CBF481100B3ED8F /* IntelligenceCheckUITests.xctest */,
			);
			name = Products;
			sourceTree = "<group>";
		};
		90EB1CD81CBF481000B3ED8F /* IntelligenceCheck */ = {
			isa = PBXGroup;
			children = (
				10224C5A1CDAF72000587B9F /* Resources */,
				90EB1CDD1CBF481100B3ED8F /* Main.storyboard */,
				90EB1CDB1CBF481100B3ED8F /* ViewController.swift */,
				105A5C991CE421E200A73940 /* AlignmentTableViewController.swift */,
				105A5C9D1CE4221300A73940 /* AlignmentTableViewCell.swift */,
				105A5C9B1CE421F400A73940 /* BackgroundTableViewController.swift */,
				105A5C9F1CE4221E00A73940 /* BackgroundTableViewCell.swift */,
				90EB1D0D1CBF509000B3ED8F /* CharacterClassTableViewController.swift */,
				90EB1D0B1CBF4F5F00B3ED8F /* CharacterClassTableViewCell.swift */,
				1004854F1CC88D2D0075AD64 /* RaceTableViewController.swift */,
				1004854D1CC88C950075AD64 /* RaceTableViewCell.swift */,
				10655BE81CCECC0A00665E08 /* Player.swift */,
				90EB1D0F1CBF534900B3ED8F /* Class.swift */,
				100485511CC88D6D0075AD64 /* Race.swift */,
				105A5CA31CE42BB200A73940 /* Background.swift */,
				105A5CA11CE422A800A73940 /* Alignment.swift */,
				90EB1CE01CBF481100B3ED8F /* Assets.xcassets */,
				90EB1CD91CBF481100B3ED8F /* AppDelegate.swift */,
				90EB1CE21CBF481100B3ED8F /* LaunchScreen.storyboard */,
				90EB1CE51CBF481100B3ED8F /* Info.plist */,
			);
			path = IntelligenceCheck;
			sourceTree = "<group>";
		};
		90EB1CED1CBF481100B3ED8F /* IntelligenceCheckTests */ = {
			isa = PBXGroup;
			children = (
				90EB1CEE1CBF481100B3ED8F /* IntelligenceCheckTests.swift */,
				90EB1CF01CBF481100B3ED8F /* Info.plist */,
			);
			path = IntelligenceCheckTests;
			sourceTree = "<group>";
		};
		90EB1CF81CBF481100B3ED8F /* IntelligenceCheckUITests */ = {
			isa = PBXGroup;
			children = (
				90EB1CF91CBF481100B3ED8F /* IntelligenceCheckUITests.swift */,
				90EB1CFB1CBF481100B3ED8F /* Info.plist */,
			);
			path = IntelligenceCheckUITests;
			sourceTree = "<group>";
		};
/* End PBXGroup section */

/* Begin PBXNativeTarget section */
		90EB1CD51CBF481000B3ED8F /* IntelligenceCheck */ = {
			isa = PBXNativeTarget;
			buildConfigurationList = 90EB1CFE1CBF481100B3ED8F /* Build configuration list for PBXNativeTarget "IntelligenceCheck" */;
			buildPhases = (
				90EB1CD21CBF481000B3ED8F /* Sources */,
				90EB1CD31CBF481000B3ED8F /* Frameworks */,
				90EB1CD41CBF481000B3ED8F /* Resources */,
			);
			buildRules = (
			);
			dependencies = (
			);
			name = IntelligenceCheck;
			productName = IntelligenceCheck;
			productReference = 90EB1CD61CBF481000B3ED8F /* IntelligenceCheck.app */;
			productType = "com.apple.product-type.application";
		};
		90EB1CE91CBF481100B3ED8F /* IntelligenceCheckTests */ = {
			isa = PBXNativeTarget;
			buildConfigurationList = 90EB1D011CBF481100B3ED8F /* Build configuration list for PBXNativeTarget "IntelligenceCheckTests" */;
			buildPhases = (
				90EB1CE61CBF481100B3ED8F /* Sources */,
				90EB1CE71CBF481100B3ED8F /* Frameworks */,
				90EB1CE81CBF481100B3ED8F /* Resources */,
			);
			buildRules = (
			);
			dependencies = (
				90EB1CEC1CBF481100B3ED8F /* PBXTargetDependency */,
			);
			name = IntelligenceCheckTests;
			productName = IntelligenceCheckTests;
			productReference = 90EB1CEA1CBF481100B3ED8F /* IntelligenceCheckTests.xctest */;
			productType = "com.apple.product-type.bundle.unit-test";
		};
		90EB1CF41CBF481100B3ED8F /* IntelligenceCheckUITests */ = {
			isa = PBXNativeTarget;
			buildConfigurationList = 90EB1D041CBF481100B3ED8F /* Build configuration list for PBXNativeTarget "IntelligenceCheckUITests" */;
			buildPhases = (
				90EB1CF11CBF481100B3ED8F /* Sources */,
				90EB1CF21CBF481100B3ED8F /* Frameworks */,
				90EB1CF31CBF481100B3ED8F /* Resources */,
			);
			buildRules = (
			);
			dependencies = (
				90EB1CF71CBF481100B3ED8F /* PBXTargetDependency */,
			);
			name = IntelligenceCheckUITests;
			productName = IntelligenceCheckUITests;
			productReference = 90EB1CF51CBF481100B3ED8F /* IntelligenceCheckUITests.xctest */;
			productType = "com.apple.product-type.bundle.ui-testing";
		};
/* End PBXNativeTarget section */

/* Begin PBXProject section */
		90EB1CCE1CBF481000B3ED8F /* Project object */ = {
			isa = PBXProject;
			attributes = {
				LastSwiftUpdateCheck = 0730;
				LastUpgradeCheck = 0710;
				ORGANIZATIONNAME = "Daniel H Lee";
				TargetAttributes = {
					90EB1CD51CBF481000B3ED8F = {
						CreatedOnToolsVersion = 7.1;
						DevelopmentTeam = 8FXVLTRAEB;
					};
					90EB1CE91CBF481100B3ED8F = {
						CreatedOnToolsVersion = 7.1;
						DevelopmentTeam = 8FXVLTRAEB;
						TestTargetID = 90EB1CD51CBF481000B3ED8F;
					};
					90EB1CF41CBF481100B3ED8F = {
						CreatedOnToolsVersion = 7.1;
						DevelopmentTeam = 8FXVLTRAEB;
						TestTargetID = 90EB1CD51CBF481000B3ED8F;
					};
				};
			};
			buildConfigurationList = 90EB1CD11CBF481000B3ED8F /* Build configuration list for PBXProject "IntelligenceCheck" */;
			compatibilityVersion = "Xcode 3.2";
			developmentRegion = English;
			hasScannedForEncodings = 0;
			knownRegions = (
				en,
				Base,
			);
			mainGroup = 90EB1CCD1CBF481000B3ED8F;
			productRefGroup = 90EB1CD71CBF481000B3ED8F /* Products */;
			projectDirPath = "";
			projectRoot = "";
			targets = (
				90EB1CD51CBF481000B3ED8F /* IntelligenceCheck */,
				90EB1CE91CBF481100B3ED8F /* IntelligenceCheckTests */,
				90EB1CF41CBF481100B3ED8F /* IntelligenceCheckUITests */,
			);
		};
/* End PBXProject section */

/* Begin PBXResourcesBuildPhase section */
		90EB1CD41CBF481000B3ED8F /* Resources */ = {
			isa = PBXResourcesBuildPhase;
			buildActionMask = 2147483647;
			files = (
				90EB1CE41CBF481100B3ED8F /* LaunchScreen.storyboard in Resources */,
				90EB1CE11CBF481100B3ED8F /* Assets.xcassets in Resources */,
				90EB1CDF1CBF481100B3ED8F /* Main.storyboard in Resources */,
			);
			runOnlyForDeploymentPostprocessing = 0;
		};
		90EB1CE81CBF481100B3ED8F /* Resources */ = {
			isa = PBXResourcesBuildPhase;
			buildActionMask = 2147483647;
			files = (
			);
			runOnlyForDeploymentPostprocessing = 0;
		};
		90EB1CF31CBF481100B3ED8F /* Resources */ = {
			isa = PBXResourcesBuildPhase;
			buildActionMask = 2147483647;
			files = (
			);
			runOnlyForDeploymentPostprocessing = 0;
		};
/* End PBXResourcesBuildPhase section */

/* Begin PBXSourcesBuildPhase section */
		90EB1CD21CBF481000B3ED8F /* Sources */ = {
			isa = PBXSourcesBuildPhase;
			buildActionMask = 2147483647;
			files = (
				100485521CC88D6E0075AD64 /* Race.swift in Sources */,
				105A5C9C1CE421F400A73940 /* BackgroundTableViewController.swift in Sources */,
				1004854E1CC88C950075AD64 /* RaceTableViewCell.swift in Sources */,
				105A5CA21CE422A800A73940 /* Alignment.swift in Sources */,
				105A5CA01CE4221E00A73940 /* BackgroundTableViewCell.swift in Sources */,
				90EB1D0E1CBF509000B3ED8F /* CharacterClassTableViewController.swift in Sources */,
				90EB1CDC1CBF481100B3ED8F /* ViewController.swift in Sources */,
				90EB1D0C1CBF4F5F00B3ED8F /* CharacterClassTableViewCell.swift in Sources */,
				90EB1D101CBF534900B3ED8F /* Class.swift in Sources */,
				90EB1CDA1CBF481100B3ED8F /* AppDelegate.swift in Sources */,
				10655BE91CCECC0A00665E08 /* Player.swift in Sources */,
				105A5C9E1CE4221300A73940 /* AlignmentTableViewCell.swift in Sources */,
				100485501CC88D2D0075AD64 /* RaceTableViewController.swift in Sources */,
				105A5C9A1CE421E200A73940 /* AlignmentTableViewController.swift in Sources */,
				105A5CA41CE42BB200A73940 /* Background.swift in Sources */,
			);
			runOnlyForDeploymentPostprocessing = 0;
		};
		90EB1CE61CBF481100B3ED8F /* Sources */ = {
			isa = PBXSourcesBuildPhase;
			buildActionMask = 2147483647;
			files = (
				90EB1CEF1CBF481100B3ED8F /* IntelligenceCheckTests.swift in Sources */,
			);
			runOnlyForDeploymentPostprocessing = 0;
		};
		90EB1CF11CBF481100B3ED8F /* Sources */ = {
			isa = PBXSourcesBuildPhase;
			buildActionMask = 2147483647;
			files = (
				90EB1CFA1CBF481100B3ED8F /* IntelligenceCheckUITests.swift in Sources */,
			);
			runOnlyForDeploymentPostprocessing = 0;
		};
/* End PBXSourcesBuildPhase section */

/* Begin PBXTargetDependency section */
		90EB1CEC1CBF481100B3ED8F /* PBXTargetDependency */ = {
			isa = PBXTargetDependency;
			target = 90EB1CD51CBF481000B3ED8F /* IntelligenceCheck */;
			targetProxy = 90EB1CEB1CBF481100B3ED8F /* PBXContainerItemProxy */;
		};
		90EB1CF71CBF481100B3ED8F /* PBXTargetDependency */ = {
			isa = PBXTargetDependency;
			target = 90EB1CD51CBF481000B3ED8F /* IntelligenceCheck */;
			targetProxy = 90EB1CF61CBF481100B3ED8F /* PBXContainerItemProxy */;
		};
/* End PBXTargetDependency section */

/* Begin PBXVariantGroup section */
		90EB1CDD1CBF481100B3ED8F /* Main.storyboard */ = {
			isa = PBXVariantGroup;
			children = (
				90EB1CDE1CBF481100B3ED8F /* Base */,
			);
			name = Main.storyboard;
			sourceTree = "<group>";
		};
		90EB1CE21CBF481100B3ED8F /* LaunchScreen.storyboard */ = {
			isa = PBXVariantGroup;
			children = (
				90EB1CE31CBF481100B3ED8F /* Base */,
			);
			name = LaunchScreen.storyboard;
			sourceTree = "<group>";
		};
/* End PBXVariantGroup section */

/* Begin XCBuildConfiguration section */
		90EB1CFC1CBF481100B3ED8F /* Debug */ = {
			isa = XCBuildConfiguration;
			buildSettings = {
				ALWAYS_SEARCH_USER_PATHS = NO;
				CLANG_CXX_LANGUAGE_STANDARD = "gnu++0x";
				CLANG_CXX_LIBRARY = "libc++";
				CLANG_ENABLE_MODULES = YES;
				CLANG_ENABLE_OBJC_ARC = YES;
				CLANG_WARN_BOOL_CONVERSION = YES;
				CLANG_WARN_CONSTANT_CONVERSION = YES;
				CLANG_WARN_DIRECT_OBJC_ISA_USAGE = YES_ERROR;
				CLANG_WARN_EMPTY_BODY = YES;
				CLANG_WARN_ENUM_CONVERSION = YES;
				CLANG_WARN_INT_CONVERSION = YES;
				CLANG_WARN_OBJC_ROOT_CLASS = YES_ERROR;
				CLANG_WARN_UNREACHABLE_CODE = YES;
				CLANG_WARN__DUPLICATE_METHOD_MATCH = YES;
				"CODE_SIGN_IDENTITY[sdk=iphoneos*]" = "iPhone Developer";
				COPY_PHASE_STRIP = NO;
				DEBUG_INFORMATION_FORMAT = dwarf;
				ENABLE_STRICT_OBJC_MSGSEND = YES;
				ENABLE_TESTABILITY = YES;
				GCC_C_LANGUAGE_STANDARD = gnu99;
				GCC_DYNAMIC_NO_PIC = NO;
				GCC_NO_COMMON_BLOCKS = YES;
				GCC_OPTIMIZATION_LEVEL = 0;
				GCC_PREPROCESSOR_DEFINITIONS = (
					"DEBUG=1",
					"$(inherited)",
				);
				GCC_WARN_64_TO_32_BIT_CONVERSION = YES;
				GCC_WARN_ABOUT_RETURN_TYPE = YES_ERROR;
				GCC_WARN_UNDECLARED_SELECTOR = YES;
				GCC_WARN_UNINITIALIZED_AUTOS = YES_AGGRESSIVE;
				GCC_WARN_UNUSED_FUNCTION = YES;
				GCC_WARN_UNUSED_VARIABLE = YES;
				IPHONEOS_DEPLOYMENT_TARGET = 9.1;
				MTL_ENABLE_DEBUG_INFO = YES;
				ONLY_ACTIVE_ARCH = YES;
				SDKROOT = iphoneos;
				SWIFT_OPTIMIZATION_LEVEL = "-Onone";
				TARGETED_DEVICE_FAMILY = "1,2";
			};
			name = Debug;
		};
		90EB1CFD1CBF481100B3ED8F /* Release */ = {
			isa = XCBuildConfiguration;
			buildSettings = {
				ALWAYS_SEARCH_USER_PATHS = NO;
				CLANG_CXX_LANGUAGE_STANDARD = "gnu++0x";
				CLANG_CXX_LIBRARY = "libc++";
				CLANG_ENABLE_MODULES = YES;
				CLANG_ENABLE_OBJC_ARC = YES;
				CLANG_WARN_BOOL_CONVERSION = YES;
				CLANG_WARN_CONSTANT_CONVERSION = YES;
				CLANG_WARN_DIRECT_OBJC_ISA_USAGE = YES_ERROR;
				CLANG_WARN_EMPTY_BODY = YES;
				CLANG_WARN_ENUM_CONVERSION = YES;
				CLANG_WARN_INT_CONVERSION = YES;
				CLANG_WARN_OBJC_ROOT_CLASS = YES_ERROR;
				CLANG_WARN_UNREACHABLE_CODE = YES;
				CLANG_WARN__DUPLICATE_METHOD_MATCH = YES;
				"CODE_SIGN_IDENTITY[sdk=iphoneos*]" = "iPhone Developer";
				COPY_PHASE_STRIP = NO;
				DEBUG_INFORMATION_FORMAT = "dwarf-with-dsym";
				ENABLE_NS_ASSERTIONS = NO;
				ENABLE_STRICT_OBJC_MSGSEND = YES;
				GCC_C_LANGUAGE_STANDARD = gnu99;
				GCC_NO_COMMON_BLOCKS = YES;
				GCC_WARN_64_TO_32_BIT_CONVERSION = YES;
				GCC_WARN_ABOUT_RETURN_TYPE = YES_ERROR;
				GCC_WARN_UNDECLARED_SELECTOR = YES;
				GCC_WARN_UNINITIALIZED_AUTOS = YES_AGGRESSIVE;
				GCC_WARN_UNUSED_FUNCTION = YES;
				GCC_WARN_UNUSED_VARIABLE = YES;
				IPHONEOS_DEPLOYMENT_TARGET = 9.1;
				MTL_ENABLE_DEBUG_INFO = NO;
				SDKROOT = iphoneos;
				TARGETED_DEVICE_FAMILY = "1,2";
				VALIDATE_PRODUCT = YES;
			};
			name = Release;
		};
		90EB1CFF1CBF481100B3ED8F /* Debug */ = {
			isa = XCBuildConfiguration;
			buildSettings = {
				ASSETCATALOG_COMPILER_APPICON_NAME = AppIcon;
				CLANG_ENABLE_MODULES = YES;
				FRAMEWORK_SEARCH_PATHS = (
					"$(inherited)",
					"$(PROJECT_DIR)/IntelligenceCheck",
				);
				INFOPLIST_FILE = IntelligenceCheck/Info.plist;
				LD_RUNPATH_SEARCH_PATHS = "$(inherited) @executable_path/Frameworks";
				PRODUCT_BUNDLE_IDENTIFIER = LeeWhitGam.IntelligenceCheck;
				PRODUCT_NAME = "$(TARGET_NAME)";
				SWIFT_OPTIMIZATION_LEVEL = "-Onone";
			};
			name = Debug;
		};
		90EB1D001CBF481100B3ED8F /* Release */ = {
			isa = XCBuildConfiguration;
			buildSettings = {
				ASSETCATALOG_COMPILER_APPICON_NAME = AppIcon;
				CLANG_ENABLE_MODULES = YES;
				FRAMEWORK_SEARCH_PATHS = (
					"$(inherited)",
					"$(PROJECT_DIR)/IntelligenceCheck",
				);
				INFOPLIST_FILE = IntelligenceCheck/Info.plist;
				LD_RUNPATH_SEARCH_PATHS = "$(inherited) @executable_path/Frameworks";
				PRODUCT_BUNDLE_IDENTIFIER = LeeWhitGam.IntelligenceCheck;
				PRODUCT_NAME = "$(TARGET_NAME)";
			};
			name = Release;
		};
		90EB1D021CBF481100B3ED8F /* Debug */ = {
			isa = XCBuildConfiguration;
			buildSettings = {
				BUNDLE_LOADER = "$(TEST_HOST)";
				INFOPLIST_FILE = IntelligenceCheckTests/Info.plist;
				LD_RUNPATH_SEARCH_PATHS = "$(inherited) @executable_path/Frameworks @loader_path/Frameworks";
				PRODUCT_BUNDLE_IDENTIFIER = LeeWhitGam.IntelligenceCheckTests;
				PRODUCT_NAME = "$(TARGET_NAME)";
				TEST_HOST = "$(BUILT_PRODUCTS_DIR)/IntelligenceCheck.app/IntelligenceCheck";
			};
			name = Debug;
		};
		90EB1D031CBF481100B3ED8F /* Release */ = {
			isa = XCBuildConfiguration;
			buildSettings = {
				BUNDLE_LOADER = "$(TEST_HOST)";
				INFOPLIST_FILE = IntelligenceCheckTests/Info.plist;
				LD_RUNPATH_SEARCH_PATHS = "$(inherited) @executable_path/Frameworks @loader_path/Frameworks";
				PRODUCT_BUNDLE_IDENTIFIER = LeeWhitGam.IntelligenceCheckTests;
				PRODUCT_NAME = "$(TARGET_NAME)";
				TEST_HOST = "$(BUILT_PRODUCTS_DIR)/IntelligenceCheck.app/IntelligenceCheck";
			};
			name = Release;
		};
		90EB1D051CBF481100B3ED8F /* Debug */ = {
			isa = XCBuildConfiguration;
			buildSettings = {
				INFOPLIST_FILE = IntelligenceCheckUITests/Info.plist;
				LD_RUNPATH_SEARCH_PATHS = "$(inherited) @executable_path/Frameworks @loader_path/Frameworks";
				PRODUCT_BUNDLE_IDENTIFIER = LeeWhitGam.IntelligenceCheckUITests;
				PRODUCT_NAME = "$(TARGET_NAME)";
				TEST_TARGET_NAME = IntelligenceCheck;
				USES_XCTRUNNER = YES;
			};
			name = Debug;
		};
		90EB1D061CBF481100B3ED8F /* Release */ = {
			isa = XCBuildConfiguration;
			buildSettings = {
				INFOPLIST_FILE = IntelligenceCheckUITests/Info.plist;
				LD_RUNPATH_SEARCH_PATHS = "$(inherited) @executable_path/Frameworks @loader_path/Frameworks";
				PRODUCT_BUNDLE_IDENTIFIER = LeeWhitGam.IntelligenceCheckUITests;
				PRODUCT_NAME = "$(TARGET_NAME)";
				TEST_TARGET_NAME = IntelligenceCheck;
				USES_XCTRUNNER = YES;
			};
			name = Release;
		};
/* End XCBuildConfiguration section */

/* Begin XCConfigurationList section */
		90EB1CD11CBF481000B3ED8F /* Build configuration list for PBXProject "IntelligenceCheck" */ = {
			isa = XCConfigurationList;
			buildConfigurations = (
				90EB1CFC1CBF481100B3ED8F /* Debug */,
				90EB1CFD1CBF481100B3ED8F /* Release */,
			);
			defaultConfigurationIsVisible = 0;
			defaultConfigurationName = Release;
		};
		90EB1CFE1CBF481100B3ED8F /* Build configuration list for PBXNativeTarget "IntelligenceCheck" */ = {
			isa = XCConfigurationList;
			buildConfigurations = (
				90EB1CFF1CBF481100B3ED8F /* Debug */,
				90EB1D001CBF481100B3ED8F /* Release */,
			);
			defaultConfigurationIsVisible = 0;
			defaultConfigurationName = Release;
		};
		90EB1D011CBF481100B3ED8F /* Build configuration list for PBXNativeTarget "IntelligenceCheckTests" */ = {
			isa = XCConfigurationList;
			buildConfigurations = (
				90EB1D021CBF481100B3ED8F /* Debug */,
				90EB1D031CBF481100B3ED8F /* Release */,
			);
			defaultConfigurationIsVisible = 0;
			defaultConfigurationName = Release;
		};
		90EB1D041CBF481100B3ED8F /* Build configuration list for PBXNativeTarget "IntelligenceCheckUITests" */ = {
			isa = XCConfigurationList;
			buildConfigurations = (
				90EB1D051CBF481100B3ED8F /* Debug */,
				90EB1D061CBF481100B3ED8F /* Release */,
			);
			defaultConfigurationIsVisible = 0;
			defaultConfigurationName = Release;
		};
/* End XCConfigurationList section */
	};
	rootObject = 90EB1CCE1CBF481000B3ED8F /* Project object */;
}
